
Microsoft Visual Studio Solution File, Format Version 12.00
# Visual Studio Version 16
VisualStudioVersion = 16.0.29306.81
MinimumVisualStudioVersion = 10.0.40219.1
Project("{FAE04EC0-301F-11D3-BF4B-00C04F79EFBC}") = "Lab1", "Lab1\Lab1.csproj", "{1425C43A-336C-4AD9-B35D-4C149C78AC4F}"
EndProject
Global
	GlobalSection(SolutionConfigurationPlatforms) = preSolution
		Debug|Any CPU = Debug|Any CPU
		Release|Any CPU = Release|Any CPU
	EndGlobalSection
	GlobalSection(ProjectConfigurationPlatforms) = postSolution
		{1425C43A-336C-4AD9-B35D-4C149C78AC4F}.Debug|Any CPU.ActiveCfg = Debug|Any CPU
		{1425C43A-336C-4AD9-B35D-4C149C78AC4F}.Debug|Any CPU.Build.0 = Debug|Any CPU
		{1425C43A-336C-4AD9-B35D-4C149C78AC4F}.Release|Any CPU.ActiveCfg = Release|Any CPU
		{1425C43A-336C-4AD9-B35D-4C149C78AC4F}.Release|Any CPU.Build.0 = Release|Any CPU
	EndGlobalSection
	GlobalSection(SolutionProperties) = preSolution
		HideSolutionNode = FALSE
	EndGlobalSection
	GlobalSection(ExtensibilityGlobals) = postSolution
		SolutionGuid = {15D3127B-E393-490F-8A53-0B428384BF40}
	EndGlobalSection
EndGlobal
